{
  "name": "smart-vue-cli2",
  "version": "1.0.0",
  "lockfileVersion": 1,
  "requires": true,
  "dependencies": {
    "autoprefixer": {
      "version": "7.2.6",
      "resolved": "https://registry.npm.taobao.org/autoprefixer/download/autoprefixer-7.2.6.tgz",
      "integrity": "sha1-JWZy+G98c12oScTwfQCKuwVgZ9w=",
      "dev": true
    },
    "axios": {
      "version": "0.19.2",
      "resolved": "https://registry.npm.taobao.org/axios/download/axios-0.19.2.tgz",
      "integrity": "sha1-PqNsXYgY0NX4qKl6bTa4bNwAyyc=",
      "dependencies": {
        "debug": {
          "version": "3.1.0",
          "resolved": "https://registry.npm.taobao.org/debug/download/debug-3.1.0.tgz",
          "integrity": "sha1-W7WgZyYotkFJVmuhaBnmFRjGcmE="
        },
        "follow-redirects": {
          "version": "1.5.10",
          "resolved": "https://registry.npm.taobao.org/follow-redirects/download/follow-redirects-1.5.10.tgz",
          "integrity": "sha1-e3qfmuov3/NnhqlP9kPtB/T/Xio="
        }
      }
    },
    "babel-core": {
      "version": "6.26.3",
      "resolved": "https://registry.npm.taobao.org/babel-core/download/babel-core-6.26.3.tgz",
      "integrity": "sha1-suLwnjQtDwyI4vAuBneUEl51wgc=",
      "dev": true,
      "dependencies": {
        "source-map": {
          "version": "0.5.7",
          "resolved": "https://registry.npm.taobao.org/source-map/download/source-map-0.5.7.tgz?cache=0&other_urls=https%3A%2F%2Fregistry.npm.taobao.org%2Fsource-map%2Fdownload%2Fsource-map-0.5.7.tgz",
          "integrity": "sha1-igOdLRAh0i0eoUyA2OpGi6LvP8w="
        }
      }
    },
    "babel-eslint": {
      "version": "8.2.6",
      "resolved": "https://registry.npm.taobao.org/babel-eslint/download/babel-eslint-8.2.6.tgz",
      "integrity": "sha1-YnDQxzIFYoBnwPeuFpOp55es79k=",
      "dev": true,
      "dependencies": {
        "babylon": {
          "version": "7.0.0-beta.44",
          "resolved": "https://registry.npm.taobao.org/babylon/download/babylon-7.0.0-beta.44.tgz",
          "integrity": "sha1-iRWeFebjDFCW4i1zjYwK+KDoyh0="
        }
      }
    },
    "babel-helper-vue-jsx-merge-props": {
      "version": "2.0.3",
      "resolved": "https://registry.npm.taobao.org/babel-helper-vue-jsx-merge-props/download/babel-helper-vue-jsx-merge-props-2.0.3.tgz",
      "integrity": "sha1-Iq69OzOQIyjlEyk6jkmSs4T58bY=",
      "dev": true
    },
    "babel-loader": {
      "version": "7.1.5",
      "resolved": "https://registry.npm.taobao.org/babel-loader/download/babel-loader-7.1.5.tgz",
      "integrity": "sha1-4+4M1zlKpVfgE7AtPkkr/QeqbWg=",
      "dev": true
    },
    "babel-plugin-syntax-jsx": {
      "version": "6.18.0",
      "resolved": "https://registry.npm.taobao.org/babel-plugin-syntax-jsx/download/babel-plugin-syntax-jsx-6.18.0.tgz",
      "integrity": "sha1-CvMqmm4Tyno/1QaeYtew9Y0NiUY=",
      "dev": true
    },
    "babel-plugin-transform-runtime": {
      "version": "6.23.0",
      "resolved": "https://registry.npm.taobao.org/babel-plugin-transform-runtime/download/babel-plugin-transform-runtime-6.23.0.tgz",
      "integrity": "sha1-iEkNRGUC6puOfvsP4J7E2ZR5se4=",
      "dev": true
    },
    "babel-plugin-transform-vue-jsx": {
      "version": "3.7.0",
      "resolved": "https://registry.npm.taobao.org/babel-plugin-transform-vue-jsx/download/babel-plugin-transform-vue-jsx-3.7.0.tgz",
      "integrity": "sha1-1ASS5mkqNrWU9+mhko9D6Wl0CWA=",
      "dev": true
    },
    "babel-preset-env": {
      "version": "1.7.0",
      "resolved": "https://registry.npm.taobao.org/babel-preset-env/download/babel-preset-env-1.7.0.tgz",
      "integrity": "sha1-3qefpOvriDzTXasH4mDBycBN93o=",
      "dev": true,
      "dependencies": {
        "browserslist": {
          "version": "3.2.8",
          "resolved": "https://registry.npm.taobao.org/browserslist/download/browserslist-3.2.8.tgz?cache=0&sync_timestamp=1580345451528&other_urls=https%3A%2F%2Fregistry.npm.taobao.org%2Fbrowserslist%2Fdownload%2Fbrowserslist-3.2.8.tgz",
          "integrity": "sha1-sABTYdZHHw9ZUnl6dvyYXx+Xj8Y="
        }
      }
    },
    "babel-preset-stage-2": {
      "version": "6.24.1",
      "resolved": "https://registry.npm.taobao.org/babel-preset-stage-2/download/babel-preset-stage-2-6.24.1.tgz",
      "integrity": "sha1-2eKWD7PXEYfw5k7sYrwHdnIZvcE=",
      "dev": true
    },
    "body-parser": {
      "version": "1.19.0",
      "resolved": "https://registry.npm.taobao.org/body-parser/download/body-parser-1.19.0.tgz",
      "integrity": "sha1-lrJwnlfJxOCab9Zqj9l5hE9p8Io="
    },
    "chalk": {
      "version": "2.4.2",
      "resolved": "https://registry.npm.taobao.org/chalk/download/chalk-2.4.2.tgz?cache=0&sync_timestamp=1573282918610&other_urls=https%3A%2F%2Fregistry.npm.taobao.org%2Fchalk%2Fdownload%2Fchalk-2.4.2.tgz",
      "integrity": "sha1-zUJUFnelQzPPVBpJEIwUMrRMlCQ=",
      "dev": true
    },
    "copy-webpack-plugin": {
      "version": "4.6.0",
      "resolved": "https://registry.npm.taobao.org/copy-webpack-plugin/download/copy-webpack-plugin-4.6.0.tgz",
      "integrity": "sha1-5/QN2KaEd9QF3Rt6hUquMksVi64=",
      "dev": true
    },
    "css-loader": {
      "version": "0.28.11",
      "resolved": "https://registry.npm.taobao.org/css-loader/download/css-loader-0.28.11.tgz",
      "integrity": "sha1-w/mGSnAL4nEbtaJGKyOJsaOS2rc=",
      "dev": true,
      "dependencies": {
        "ansi-styles": {
          "version": "2.2.1",
          "resolved": "https://registry.npm.taobao.org/ansi-styles/download/ansi-styles-2.2.1.tgz",
          "integrity": "sha1-tDLdM1i2NM914eRmQ2gkBTPB3b4="
        },
        "chalk": {
          "version": "1.1.3",
          "resolved": "https://registry.npm.taobao.org/chalk/download/chalk-1.1.3.tgz?cache=0&sync_timestamp=1573282918610&other_urls=https%3A%2F%2Fregistry.npm.taobao.org%2Fchalk%2Fdownload%2Fchalk-1.1.3.tgz",
          "integrity": "sha1-qBFcVeSnAv5NFQq9OHKCKn4J/Jg=",
          "dependencies": {
            "supports-color": {
              "version": "2.0.0",
              "resolved": "https://registry.npm.taobao.org/supports-color/download/supports-color-2.0.0.tgz",
              "integrity": "sha1-U10EXOa2Nj+kARcIRimZXp3zJMc="
            }
          }
        },
        "has-flag": {
          "version": "1.0.0",
          "resolved": "https://registry.npm.taobao.org/has-flag/download/has-flag-1.0.0.tgz",
          "integrity": "sha1-nZ55MWXOAXoA8AQYxD+UKnsdEfo="
        },
        "postcss": {
          "version": "5.2.18",
          "resolved": "https://registry.npm.taobao.org/postcss/download/postcss-5.2.18.tgz",
          "integrity": "sha1-ut+hSX1GJE9jkPWLMZgw2RB4U8U="
        },
        "source-map": {
          "version": "0.5.7",
          "resolved": "https://registry.npm.taobao.org/source-map/download/source-map-0.5.7.tgz?cache=0&other_urls=https%3A%2F%2Fregistry.npm.taobao.org%2Fsource-map%2Fdownload%2Fsource-map-0.5.7.tgz",
          "integrity": "sha1-igOdLRAh0i0eoUyA2OpGi6LvP8w="
        },
        "supports-color": {
          "version": "3.2.3",
          "resolved": "https://registry.npm.taobao.org/supports-color/download/supports-color-3.2.3.tgz",
          "integrity": "sha1-ZawFBLOVQXHYpklGsq48u4pfVPY="
        }
      }
    },
    "element-ui": {
      "version": "2.13.0",
      "resolved": "https://registry.npm.taobao.org/element-ui/download/element-ui-2.13.0.tgz",
      "integrity": "sha1-9rsE5bCnbqX2JGYES3dEB7pOvS0="
    },
    "eslint": {
      "version": "4.19.1",
      "resolved": "https://registry.npm.taobao.org/eslint/download/eslint-4.19.1.tgz",
      "integrity": "sha1-MtHWU+HZBAiFS/spbwdux+GGowA=",
      "dev": true,
      "dependencies": {
        "ansi-regex": {
          "version": "3.0.0",
          "resolved": "https://registry.npm.taobao.org/ansi-regex/download/ansi-regex-3.0.0.tgz",
          "integrity": "sha1-7QMXwyIGT3lGbAKWa922Bas32Zg="
        },
        "debug": {
          "version": "3.2.6",
          "resolved": "https://registry.npm.taobao.org/debug/download/debug-3.2.6.tgz",
          "integrity": "sha1-6D0X3hbYp++3cX7b5fsQE17uYps="
        },
        "esprima": {
          "version": "4.0.1",
          "resolved": "https://registry.npm.taobao.org/esprima/download/esprima-4.0.1.tgz",
          "integrity": "sha1-E7BM2z5sXRnfkatph6hpVhmwqnE="
        },
        "globals": {
          "version": "11.12.0",
          "resolved": "https://registry.npm.taobao.org/globals/download/globals-11.12.0.tgz",
          "integrity": "sha1-q4eVM4hooLq9hSV1gBjCp+uVxC4="
        },
        "js-yaml": {
          "version": "3.13.1",
          "resolved": "https://registry.npm.taobao.org/js-yaml/download/js-yaml-3.13.1.tgz",
          "integrity": "sha1-r/FRswv9+o5J4F2iLnQV6d+jeEc="
        },
        "ms": {
          "version": "2.1.2",
          "resolved": "https://registry.npm.taobao.org/ms/download/ms-2.1.2.tgz",
          "integrity": "sha1-0J0fNXtEP0kzgqjrPM0YOHKuYAk="
        },
        "strip-ansi": {
          "version": "4.0.0",
          "resolved": "https://registry.npm.taobao.org/strip-ansi/download/strip-ansi-4.0.0.tgz",
          "integrity": "sha1-qEeQIusaw2iocTibY1JixQXuNo8="
        }
      }
    },
    "eslint-config-standard": {
      "version": "10.2.1",
      "resolved": "https://registry.npm.taobao.org/eslint-config-standard/download/eslint-config-standard-10.2.1.tgz",
      "integrity": "sha1-wGHk0GbzedwXzVYsZOgZtN1FRZE=",
      "dev": true
    },
    "eslint-friendly-formatter": {
      "version": "3.0.0",
      "resolved": "https://registry.npm.taobao.org/eslint-friendly-formatter/download/eslint-friendly-formatter-3.0.0.tgz",
      "integrity": "sha1-J4h0Q1psRuwdlPoLH/SU4w7wQpA=",
      "dev": true,
      "dependencies": {
        "ansi-styles": {
          "version": "2.2.1",
          "resolved": "https://registry.npm.taobao.org/ansi-styles/download/ansi-styles-2.2.1.tgz",
          "integrity": "sha1-tDLdM1i2NM914eRmQ2gkBTPB3b4="
        },
        "chalk": {
          "version": "1.1.3",
          "resolved": "https://registry.npm.taobao.org/chalk/download/chalk-1.1.3.tgz?cache=0&sync_timestamp=1573282918610&other_urls=https%3A%2F%2Fregistry.npm.taobao.org%2Fchalk%2Fdownload%2Fchalk-1.1.3.tgz",
          "integrity": "sha1-qBFcVeSnAv5NFQq9OHKCKn4J/Jg="
        },
        "minimist": {
          "version": "1.2.0",
          "resolved": "https://registry.npm.taobao.org/minimist/download/minimist-1.2.0.tgz",
          "integrity": "sha1-o1AIsg9BOD7sH7kU9M1d95omQoQ="
        },
        "supports-color": {
          "version": "2.0.0",
          "resolved": "https://registry.npm.taobao.org/supports-color/download/supports-color-2.0.0.tgz",
          "integrity": "sha1-U10EXOa2Nj+kARcIRimZXp3zJMc="
        }
      }
    },
    "eslint-loader": {
      "version": "1.9.0",
      "resolved": "https://registry.npm.taobao.org/eslint-loader/download/eslint-loader-1.9.0.tgz",
      "integrity": "sha1-fhvp/t3KMo09z67xrUnVvv/oOhM=",
      "dev": true
    },
    "eslint-plugin-import": {
      "version": "2.20.1",
      "resolved": "https://registry.npm.taobao.org/eslint-plugin-import/download/eslint-plugin-import-2.20.1.tgz",
      "integrity": "sha1-gCQjGW3LEdnOhDWl/AKm07RpObM=",
      "dev": true,
      "dependencies": {
        "doctrine": {
          "version": "1.5.0",
          "resolved": "https://registry.npm.taobao.org/doctrine/download/doctrine-1.5.0.tgz",
          "integrity": "sha1-N53Ocw9hZvds76TmcHoVmwLFpvo="
        }
      }
    },
    "eslint-plugin-node": {
      "version": "5.2.1",
      "resolved": "https://registry.npm.taobao.org/eslint-plugin-node/download/eslint-plugin-node-5.2.1.tgz",
      "integrity": "sha1-gN8yU8TXkBBF7If6ZgooTjK9yik=",
      "dev": true,
      "dependencies": {
        "semver": {
          "version": "5.3.0",
          "resolved": "https://registry.npm.taobao.org/semver/download/semver-5.3.0.tgz?cache=0&sync_timestamp=1580434242969&other_urls=https%3A%2F%2Fregistry.npm.taobao.org%2Fsemver%2Fdownload%2Fsemver-5.3.0.tgz",
          "integrity": "sha1-myzl094C0XxgEq0yaqa00M9U+U8="
        }
      }
    },
    "eslint-plugin-promise": {
      "version": "3.8.0",
      "resolved": "https://registry.npm.taobao.org/eslint-plugin-promise/download/eslint-plugin-promise-3.8.0.tgz",
      "integrity": "sha1-ZevyeoRePB6db2pWIt3TgBaUtiE=",
      "dev": true
    },
    "eslint-plugin-standard": {
      "version": "3.1.0",
      "resolved": "https://registry.npm.taobao.org/eslint-plugin-standard/download/eslint-plugin-standard-3.1.0.tgz",
      "integrity": "sha1-Kp4hJZukxHwC1TstDJE11LECLUc=",
      "dev": true
    },
    "eslint-plugin-vue": {
      "version": "4.7.1",
      "resolved": "https://registry.npm.taobao.org/eslint-plugin-vue/download/eslint-plugin-vue-4.7.1.tgz",
      "integrity": "sha1-yCm5/GJYLBiXtaC5Sv1E7MpRHmM=",
      "dev": true
    },
    "express": {
      "version": "4.17.1",
      "resolved": "https://registry.npm.taobao.org/express/download/express-4.17.1.tgz",
      "integrity": "sha1-RJH8OGBc9R+GKdOcK10Cb5ikwTQ="
    },
    "extract-text-webpack-plugin": {
      "version": "3.0.2",
      "resolved": "https://registry.npm.taobao.org/extract-text-webpack-plugin/download/extract-text-webpack-plugin-3.0.2.tgz",
      "integrity": "sha1-XwQ+qgL5dQqSWLeMCm4NwUCPsvc=",
      "dev": true
    },
    "file-loader": {
      "version": "1.1.11",
      "resolved": "https://registry.npm.taobao.org/file-loader/download/file-loader-1.1.11.tgz?cache=0&sync_timestamp=1574689320406&other_urls=https%3A%2F%2Fregistry.npm.taobao.org%2Ffile-loader%2Fdownload%2Ffile-loader-1.1.11.tgz",
      "integrity": "sha1-b+iGRJsPKpNuQ8q6rAzb+zaVBvg=",
      "dev": true,
      "dependencies": {
        "ajv": {
          "version": "6.11.0",
          "resolved": "https://registry.npm.taobao.org/ajv/download/ajv-6.11.0.tgz",
          "integrity": "sha1-w2B8vIrjktilpTbyWyH45fP4f+k="
        },
        "ajv-keywords": {
          "version": "3.4.1",
          "resolved": "https://registry.npm.taobao.org/ajv-keywords/download/ajv-keywords-3.4.1.tgz",
          "integrity": "sha1-75FuJxxkrBIXH9g4TqrmsjRYVNo="
        },
        "fast-deep-equal": {
          "version": "3.1.1",
          "resolved": "https://registry.npm.taobao.org/fast-deep-equal/download/fast-deep-equal-3.1.1.tgz",
          "integrity": "sha1-VFFFB3xQFJHjOxXsQIwpQ3bpSuQ="
        },
        "json-schema-traverse": {
          "version": "0.4.1",
          "resolved": "https://registry.npm.taobao.org/json-schema-traverse/download/json-schema-traverse-0.4.1.tgz",
          "integrity": "sha1-afaofZUTq4u4/mO9sJecRI5oRmA="
        },
        "schema-utils": {
          "version": "0.4.7",
          "resolved": "https://registry.npm.taobao.org/schema-utils/download/schema-utils-0.4.7.tgz",
          "integrity": "sha1-unT1l9K+LqiAExdG7hfQoJPGgYc="
        }
      }
    },
    "friendly-errors-webpack-plugin": {
      "version": "1.7.0",
      "resolved": "https://registry.npm.taobao.org/friendly-errors-webpack-plugin/download/friendly-errors-webpack-plugin-1.7.0.tgz",
      "integrity": "sha1-78hsu4FiJFZYYaG+ep2E0Kr+oTY=",
      "dev": true,
      "dependencies": {
        "ansi-styles": {
          "version": "2.2.1",
          "resolved": "https://registry.npm.taobao.org/ansi-styles/download/ansi-styles-2.2.1.tgz",
          "integrity": "sha1-tDLdM1i2NM914eRmQ2gkBTPB3b4="
        },
        "chalk": {
          "version": "1.1.3",
          "resolved": "https://registry.npm.taobao.org/chalk/download/chalk-1.1.3.tgz?cache=0&sync_timestamp=1573282918610&other_urls=https%3A%2F%2Fregistry.npm.taobao.org%2Fchalk%2Fdownload%2Fchalk-1.1.3.tgz",
          "integrity": "sha1-qBFcVeSnAv5NFQq9OHKCKn4J/Jg="
        },
        "supports-color": {
          "version": "2.0.0",
          "resolved": "https://registry.npm.taobao.org/supports-color/download/supports-color-2.0.0.tgz",
          "integrity": "sha1-U10EXOa2Nj+kARcIRimZXp3zJMc="
        }
      }
    },
    "html-webpack-plugin": {
      "version": "2.30.1",
      "resolved": "https://registry.npm.taobao.org/html-webpack-plugin/download/html-webpack-plugin-2.30.1.tgz?cache=0&other_urls=https%3A%2F%2Fregistry.npm.taobao.org%2Fhtml-webpack-plugin%2Fdownload%2Fhtml-webpack-plugin-2.30.1.tgz",
      "integrity": "sha1-f5xCG36pHsRg9WUn1430hO51N9U=",
      "dev": true,
      "dependencies": {
        "big.js": {
          "version": "3.2.0",
          "resolved": "https://registry.npm.taobao.org/big.js/download/big.js-3.2.0.tgz",
          "integrity": "sha1-pfwpi4G54Nyi5FiCR4S2XFK6WI4="
        },
        "loader-utils": {
          "version": "0.2.17",
          "resolved": "https://registry.npm.taobao.org/loader-utils/download/loader-utils-0.2.17.tgz",
          "integrity": "sha1-+G5jdNQyBabmxg6RlvF8Apm/s0g="
        }
      }
    },
    "moment": {
      "version": "2.29.2",
      "resolved": "https://registry.npmjs.org/moment/-/moment-2.29.2.tgz",
      "integrity": "sha512-UgzG4rvxYpN15jgCmVJwac49h9ly9NurikMWGPdVxm8GZD6XjkKPxDTjQQ43gtGgnV3X0cAyWDdP2Wexoquifg=="
    },
    "mongoose": {
      "version": "5.8.11",
      "resolved": "https://registry.npm.taobao.org/mongoose/download/mongoose-5.8.11.tgz",
      "integrity": "sha1-SzgT5V0zko3MSixc9LinYEEZKGE=",
      "dependencies": {
        "ms": {
          "version": "2.1.2",
          "resolved": "https://registry.npm.taobao.org/ms/download/ms-2.1.2.tgz",
          "integrity": "sha1-0J0fNXtEP0kzgqjrPM0YOHKuYAk="
        }
      }
    },
    "node-notifier": {
      "version": "5.4.3",
      "resolved": "https://registry.npm.taobao.org/node-notifier/download/node-notifier-5.4.3.tgz",
      "integrity": "sha1-y3La+UyTkECY4oucWQ/YZuRkvVA=",
      "dev": true
    },
    "nodemon": {
      "version": "2.0.2",
      "resolved": "https://registry.npm.taobao.org/nodemon/download/nodemon-2.0.2.tgz",
      "integrity": "sha1-nH7+qvm4JZKVqX5dRYW6jwy+ULA=",
      "dependencies": {
        "anymatch": {
          "version": "3.1.1",
          "resolved": "https://registry.npm.taobao.org/anymatch/download/anymatch-3.1.1.tgz",
          "integrity": "sha1-xV7PAhheJGklk5kxDBc84xIzsUI="
        },
        "binary-extensions": {
          "version": "2.0.0",
          "resolved": "https://registry.npm.taobao.org/binary-extensions/download/binary-extensions-2.0.0.tgz",
          "integrity": "sha1-I8DfFPaogHf1+YbA0WfsA8PVU3w="
        },
        "braces": {
          "version": "3.0.2",
          "resolved": "https://registry.npm.taobao.org/braces/download/braces-3.0.2.tgz",
          "integrity": "sha1-NFThpGLujVmeI23zNs2epPiv4Qc="
        },
        "chokidar": {
          "version": "3.3.1",
          "resolved": "https://registry.npm.taobao.org/chokidar/download/chokidar-3.3.1.tgz",
          "integrity": "sha1-yE5bPRjZpNd1WP70ZrG/FrvrNFA="
        },
        "debug": {
          "version": "3.2.6",
          "resolved": "https://registry.npm.taobao.org/debug/download/debug-3.2.6.tgz",
          "integrity": "sha1-6D0X3hbYp++3cX7b5fsQE17uYps="
        },
        "fill-range": {
          "version": "7.0.1",
          "resolved": "https://registry.npm.taobao.org/fill-range/download/fill-range-7.0.1.tgz",
          "integrity": "sha1-GRmmp8df44ssfHflGYU12prN2kA="
        },
        "fsevents": {
          "version": "2.1.2",
          "resolved": "https://registry.npm.taobao.org/fsevents/download/fsevents-2.1.2.tgz?cache=0&sync_timestamp=1580708699417&other_urls=https%3A%2F%2Fregistry.npm.taobao.org%2Ffsevents%2Fdownload%2Ffsevents-2.1.2.tgz",
          "integrity": "sha1-TAofs0vGjlQ7S4Kp7Dkr+9qECAU="
        },
        "glob-parent": {
          "version": "5.1.0",
          "resolved": "https://registry.npm.taobao.org/glob-parent/download/glob-parent-5.1.0.tgz",
          "integrity": "sha1-X0wdHnSNMM1zrSlEs1d6gbCB6MI="
        },
        "is-binary-path": {
          "version": "2.1.0",
          "resolved": "https://registry.npm.taobao.org/is-binary-path/download/is-binary-path-2.1.0.tgz",
          "integrity": "sha1-6h9/O4DwZCNug0cPhsCcJU+0Wwk="
        },
        "is-number": {
          "version": "7.0.0",
          "resolved": "https://registry.npm.taobao.org/is-number/download/is-number-7.0.0.tgz",
          "integrity": "sha1-dTU0W4lnNNX4DE0GxQlVUnoU8Ss="
        },
        "ms": {
          "version": "2.1.2",
          "resolved": "https://registry.npm.taobao.org/ms/download/ms-2.1.2.tgz",
          "integrity": "sha1-0J0fNXtEP0kzgqjrPM0YOHKuYAk="
        },
        "readdirp": {
          "version": "3.3.0",
          "resolved": "https://registry.npm.taobao.org/readdirp/download/readdirp-3.3.0.tgz",
          "integrity": "sha1-mERY0ToeQuLp9YQbEp4WLzaa/xc="
        },
        "to-regex-range": {
          "version": "5.0.1",
          "resolved": "https://registry.npm.taobao.org/to-regex-range/download/to-regex-range-5.0.1.tgz",
          "integrity": "sha1-FkjESq58jZiKMmAY7XL1tN0DkuQ="
        }
      }
    },
    "optimize-css-assets-webpack-plugin": {
      "version": "3.2.1",
      "resolved": "https://registry.npm.taobao.org/optimize-css-assets-webpack-plugin/download/optimize-css-assets-webpack-plugin-3.2.1.tgz",
      "integrity": "sha1-nRhlSg4FjAkL3ZkbBLyw9vJIZXM=",
      "dev": true,
      "dependencies": {
        "cssnano": {
          "version": "4.1.10",
          "resolved": "https://registry.npm.taobao.org/cssnano/download/cssnano-4.1.10.tgz",
          "integrity": "sha1-CsQfCxPRPUZUh+ERt3jULaYxuLI="
        },
        "postcss": {
          "version": "7.0.26",
          "resolved": "https://registry.npm.taobao.org/postcss/download/postcss-7.0.26.tgz",
          "integrity": "sha1-XtYVz8qzW6m7uCQUpPqI6hBClYc="
        },
        "supports-color": {
          "version": "6.1.0",
          "resolved": "https://registry.npm.taobao.org/supports-color/download/supports-color-6.1.0.tgz",
          "integrity": "sha1-B2Srxpxj1ayELdSGfo0CXogN+PM="
        }
      }
    },
    "ora": {
      "version": "1.4.0",
      "resolved": "https://registry.npm.taobao.org/ora/download/ora-1.4.0.tgz",
      "integrity": "sha1-iERYIVs6XUCXWSKF+TMhu3p54uU=",
      "dev": true
    },
    "portfinder": {
      "version": "1.0.25",
      "resolved": "https://registry.npm.taobao.org/portfinder/download/portfinder-1.0.25.tgz",
      "integrity": "sha1-JU/TN/+6hp9LnTftwpgFnLTTXso=",
      "dev": true,
      "dependencies": {
        "debug": {
          "version": "3.2.6",
          "resolved": "https://registry.npm.taobao.org/debug/download/debug-3.2.6.tgz",
          "integrity": "sha1-6D0X3hbYp++3cX7b5fsQE17uYps="
        },
        "ms": {
          "version": "2.1.2",
          "resolved": "https://registry.npm.taobao.org/ms/download/ms-2.1.2.tgz",
          "integrity": "sha1-0J0fNXtEP0kzgqjrPM0YOHKuYAk="
        }
      }
    },
    "postcss-import": {
      "version": "11.1.0",
      "resolved": "https://registry.npm.taobao.org/postcss-import/download/postcss-import-11.1.0.tgz",
      "integrity": "sha1-Vck2LJGSmU7GiGXSJEGd8dspgfA=",
      "dev": true
    },
    "postcss-loader": {
      "version": "2.1.6",
      "resolved": "https://registry.npm.taobao.org/postcss-loader/download/postcss-loader-2.1.6.tgz",
      "integrity": "sha1-HX3XsXxrojS5vtWvE+C+pApC10A=",
      "dev": true,
      "dependencies": {
        "ajv": {
          "version": "6.11.0",
          "resolved": "https://registry.npm.taobao.org/ajv/download/ajv-6.11.0.tgz",
          "integrity": "sha1-w2B8vIrjktilpTbyWyH45fP4f+k="
        },
        "ajv-keywords": {
          "version": "3.4.1",
          "resolved": "https://registry.npm.taobao.org/ajv-keywords/download/ajv-keywords-3.4.1.tgz",
          "integrity": "sha1-75FuJxxkrBIXH9g4TqrmsjRYVNo="
        },
        "fast-deep-equal": {
          "version": "3.1.1",
          "resolved": "https://registry.npm.taobao.org/fast-deep-equal/download/fast-deep-equal-3.1.1.tgz",
          "integrity": "sha1-VFFFB3xQFJHjOxXsQIwpQ3bpSuQ="
        },
        "json-schema-traverse": {
          "version": "0.4.1",
          "resolved": "https://registry.npm.taobao.org/json-schema-traverse/download/json-schema-traverse-0.4.1.tgz",
          "integrity": "sha1-afaofZUTq4u4/mO9sJecRI5oRmA="
        },
        "schema-utils": {
          "version": "0.4.7",
          "resolved": "https://registry.npm.taobao.org/schema-utils/download/schema-utils-0.4.7.tgz",
          "integrity": "sha1-unT1l9K+LqiAExdG7hfQoJPGgYc="
        }
      }
    },
    "postcss-url": {
      "version": "7.3.2",
      "resolved": "https://registry.npm.taobao.org/postcss-url/download/postcss-url-7.3.2.tgz",
      "integrity": "sha1-X+onOAf7hLOMRhw8mp6KvSNfcSA=",
      "dev": true
    },
    "rimraf": {
      "version": "2.7.1",
      "resolved": "https://registry.npm.taobao.org/rimraf/download/rimraf-2.7.1.tgz",
      "integrity": "sha1-NXl/E6f9rcVmFCwp1PB8ytSD4+w=",
      "dev": true
    },
    "semver": {
      "version": "5.7.1",
      "resolved": "https://registry.npm.taobao.org/semver/download/semver-5.7.1.tgz?cache=0&sync_timestamp=1580434242969&other_urls=https%3A%2F%2Fregistry.npm.taobao.org%2Fsemver%2Fdownload%2Fsemver-5.7.1.tgz",
      "integrity": "sha1-qVT5Ma66UI0we78Gnv8MAclhFvc=",
      "dev": true
    },
    "shelljs": {
      "version": "0.7.8",
      "resolved": "https://registry.npm.taobao.org/shelljs/download/shelljs-0.7.8.tgz",
      "integrity": "sha1-3svPh0sNHl+3LhSxZKloMEjprLM=",
      "dev": true
    },
    "stylus": {
      "version": "0.54.7",
      "resolved": "https://registry.npm.taobao.org/stylus/download/stylus-0.54.7.tgz",
      "integrity": "sha1-xs5Hk5Ze5Ti86+UPMVN7/ATYjNI=",
      "dependencies": {
        "debug": {
          "version": "3.1.0",
          "resolved": "https://registry.npm.taobao.org/debug/download/debug-3.1.0.tgz",
          "integrity": "sha1-W7WgZyYotkFJVmuhaBnmFRjGcmE="
        },
        "semver": {
          "version": "6.3.0",
          "resolved": "https://registry.npm.taobao.org/semver/download/semver-6.3.0.tgz?cache=0&sync_timestamp=1580434242969&other_urls=https%3A%2F%2Fregistry.npm.taobao.org%2Fsemver%2Fdownload%2Fsemver-6.3.0.tgz",
          "integrity": "sha1-7gpkyK9ejO6mdoexM3YeG+y9HT0="
        },
        "source-map": {
          "version": "0.7.3",
          "resolved": "https://registry.npm.taobao.org/source-map/download/source-map-0.7.3.tgz?cache=0&other_urls=https%3A%2F%2Fregistry.npm.taobao.org%2Fsource-map%2Fdownload%2Fsource-map-0.7.3.tgz",
          "integrity": "sha1-UwL4FpAxc1ImVECS5kmB91F1A4M="
        }
      }
    },
    "stylus-loader": {
      "version": "3.0.2",
      "resolved": "https://registry.npm.taobao.org/stylus-loader/download/stylus-loader-3.0.2.tgz",
      "integrity": "sha1-J6cGQgsFo44DjnyssVNXjUUFE8Y="
    },
    "uglifyjs-webpack-plugin": {
      "version": "1.3.0",
      "resolved": "https://registry.npm.taobao.org/uglifyjs-webpack-plugin/download/uglifyjs-webpack-plugin-1.3.0.tgz",
      "integrity": "sha1-dfVIFghYFjoIZD4IbV/v4YpdZ94=",
      "dev": true,
      "dependencies": {
        "ajv": {
          "version": "6.11.0",
          "resolved": "https://registry.npm.taobao.org/ajv/download/ajv-6.11.0.tgz",
          "integrity": "sha1-w2B8vIrjktilpTbyWyH45fP4f+k="
        },
        "ajv-keywords": {
          "version": "3.4.1",
          "resolved": "https://registry.npm.taobao.org/ajv-keywords/download/ajv-keywords-3.4.1.tgz",
          "integrity": "sha1-75FuJxxkrBIXH9g4TqrmsjRYVNo="
        },
        "commander": {
          "version": "2.13.0",
          "resolved": "https://registry.npm.taobao.org/commander/download/commander-2.13.0.tgz?cache=0&sync_timestamp=1580710597193&other_urls=https%3A%2F%2Fregistry.npm.taobao.org%2Fcommander%2Fdownload%2Fcommander-2.13.0.tgz",
          "integrity": "sha1-aWS8pnaF33wfFDDFhPB9dZeIW5w="
        },
        "fast-deep-equal": {
          "version": "3.1.1",
          "resolved": "https://registry.npm.taobao.org/fast-deep-equal/download/fast-deep-equal-3.1.1.tgz",
          "integrity": "sha1-VFFFB3xQFJHjOxXsQIwpQ3bpSuQ="
        },
        "json-schema-traverse": {
          "version": "0.4.1",
          "resolved": "https://registry.npm.taobao.org/json-schema-traverse/download/json-schema-traverse-0.4.1.tgz",
          "integrity": "sha1-afaofZUTq4u4/mO9sJecRI5oRmA="
        },
        "schema-utils": {
          "version": "0.4.7",
          "resolved": "https://registry.npm.taobao.org/schema-utils/download/schema-utils-0.4.7.tgz",
          "integrity": "sha1-unT1l9K+LqiAExdG7hfQoJPGgYc="
        },
        "uglify-es": {
          "version": "3.3.9",
          "resolved": "https://registry.npm.taobao.org/uglify-es/download/uglify-es-3.3.9.tgz",
          "integrity": "sha1-DBxPBwC+2NvBJM2zBNJZLKID5nc="
        }
      }
    },
    "url-loader": {
      "version": "0.5.9",
      "resolved": "https://registry.npm.taobao.org/url-loader/download/url-loader-0.5.9.tgz",
      "integrity": "sha1-zI/qgse5Bud3cBklCGnlaemVwpU=",
      "dev": true,
      "dependencies": {
        "mime": {
          "version": "1.3.6",
          "resolved": "https://registry.npm.taobao.org/mime/download/mime-1.3.6.tgz",
          "integrity": "sha1-WR2E02U6awtKO5343lqoEI5y5eA="
        }
      }
    },
    "vue": {
      "version": "2.6.11",
      "resolved": "https://registry.npm.taobao.org/vue/download/vue-2.6.11.tgz",
      "integrity": "sha1-dllNh31LEiNEBuhONSdcbVFBJcU="
    },
    "vue-loader": {
      "version": "13.7.3",
      "resolved": "https://registry.npm.taobao.org/vue-loader/download/vue-loader-13.7.3.tgz?cache=0&sync_timestamp=1580888476042&other_urls=https%3A%2F%2Fregistry.npm.taobao.org%2Fvue-loader%2Fdownload%2Fvue-loader-13.7.3.tgz",
      "integrity": "sha1-4HRA94IwpjnQCtpNp7ltDp1iA38=",
      "dev": true,
      "dependencies": {
        "cosmiconfig": {
          "version": "2.2.2",
          "resolved": "https://registry.npm.taobao.org/cosmiconfig/download/cosmiconfig-2.2.2.tgz",
          "integrity": "sha1-YXPOvVb6wELB9DkO33r2wHx8uJI="
        },
        "minimist": {
          "version": "1.2.0",
          "resolved": "https://registry.npm.taobao.org/minimist/download/minimist-1.2.0.tgz",
          "integrity": "sha1-o1AIsg9BOD7sH7kU9M1d95omQoQ="
        },
        "postcss-load-config": {
          "version": "1.2.0",
          "resolved": "https://registry.npm.taobao.org/postcss-load-config/download/postcss-load-config-1.2.0.tgz",
          "integrity": "sha1-U56a/J3chiASHr+djDZz4M5Q0oo="
        }
      }
    },
    "vue-router": {
      "version": "3.1.5",
      "resolved": "https://registry.npm.taobao.org/vue-router/download/vue-router-3.1.5.tgz",
      "integrity": "sha1-/ym4oeEwbFJrUtTcBTIQnxbEEjE="
    },
    "vue-style-loader": {
      "version": "3.1.2",
      "resolved": "https://registry.npm.taobao.org/vue-style-loader/download/vue-style-loader-3.1.2.tgz",
      "integrity": "sha1-a2atNJmPyVIMLx5NX6QJFkHBWXo=",
      "dev": true
    },
    "vue-template-compiler": {
      "version": "2.6.11",
      "resolved": "https://registry.npm.taobao.org/vue-template-compiler/download/vue-template-compiler-2.6.11.tgz",
      "integrity": "sha1-wEcE749JixUxMAGJk+VjCdRpgIA=",
      "dev": true
    },
    "vuex": {
      "version": "3.1.2",
      "resolved": "https://registry.npm.taobao.org/vuex/download/vuex-3.1.2.tgz",
      "integrity": "sha1-ooY/QAWqc/JYflXD+t8/AfacfU0=",
      "dev": true
    },
    "webpack": {
      "version": "3.12.0",
      "resolved": "https://registry.npm.taobao.org/webpack/download/webpack-3.12.0.tgz?cache=0&sync_timestamp=1580333795876&other_urls=https%3A%2F%2Fregistry.npm.taobao.org%2Fwebpack%2Fdownload%2Fwebpack-3.12.0.tgz",
      "integrity": "sha1-P540NgNwYC/PY56Xk520hvTsDXQ=",
      "dev": true,
      "dependencies": {
        "ajv": {
          "version": "6.11.0",
          "resolved": "https://registry.npm.taobao.org/ajv/download/ajv-6.11.0.tgz",
          "integrity": "sha1-w2B8vIrjktilpTbyWyH45fP4f+k="
        },
        "ajv-keywords": {
          "version": "3.4.1",
          "resolved": "https://registry.npm.taobao.org/ajv-keywords/download/ajv-keywords-3.4.1.tgz",
          "integrity": "sha1-75FuJxxkrBIXH9g4TqrmsjRYVNo="
        },
        "fast-deep-equal": {
          "version": "3.1.1",
          "resolved": "https://registry.npm.taobao.org/fast-deep-equal/download/fast-deep-equal-3.1.1.tgz",
          "integrity": "sha1-VFFFB3xQFJHjOxXsQIwpQ3bpSuQ="
        },
        "has-flag": {
          "version": "2.0.0",
          "resolved": "https://registry.npm.taobao.org/has-flag/download/has-flag-2.0.0.tgz",
          "integrity": "sha1-6CB68cx7MNRGzHC3NLXovhj4jVE="
        },
        "json-schema-traverse": {
          "version": "0.4.1",
          "resolved": "https://registry.npm.taobao.org/json-schema-traverse/download/json-schema-traverse-0.4.1.tgz",
          "integrity": "sha1-afaofZUTq4u4/mO9sJecRI5oRmA="
        },
        "source-map": {
          "version": "0.5.7",
          "resolved": "https://registry.npm.taobao.org/source-map/download/source-map-0.5.7.tgz?cache=0&other_urls=https%3A%2F%2Fregistry.npm.taobao.org%2Fsource-map%2Fdownload%2Fsource-map-0.5.7.tgz",
          "integrity": "sha1-igOdLRAh0i0eoUyA2OpGi6LvP8w="
        },
        "supports-color": {
          "version": "4.5.0",
          "resolved": "https://registry.npm.taobao.org/supports-color/download/supports-color-4.5.0.tgz",
          "integrity": "sha1-vnoN5ITexcXN34s9WRJQRJEvY1s="
        },
        "uglify-js": {
          "version": "2.8.29",
          "resolved": "https://registry.npm.taobao.org/uglify-js/download/uglify-js-2.8.29.tgz?cache=0&sync_timestamp=1580771547996&other_urls=https%3A%2F%2Fregistry.npm.taobao.org%2Fuglify-js%2Fdownload%2Fuglify-js-2.8.29.tgz",
          "integrity": "sha1-KcVzMUgFe7Th913zW3qcty5qWd0=",
          "dependencies": {
            "yargs": {
              "version": "3.10.0",
              "resolved": "https://registry.npm.taobao.org/yargs/download/yargs-3.10.0.tgz",
              "integrity": "sha1-9+572FfdfB0tOMDnTvvWgdFDH9E="
            }
          }
        },
        "uglifyjs-webpack-plugin": {
          "version": "0.4.6",
          "resolved": "https://registry.npm.taobao.org/uglifyjs-webpack-plugin/download/uglifyjs-webpack-plugin-0.4.6.tgz",
          "integrity": "sha1-uVH0q7a9YX5m9j64kUmOORdj4wk="
        }
      }
    },
    "webpack-bundle-analyzer": {
      "version": "2.13.1",
      "resolved": "https://registry.npm.taobao.org/webpack-bundle-analyzer/download/webpack-bundle-analyzer-2.13.1.tgz",
      "integrity": "sha1-B9IXbG6Gw83OTCPlb64qe2tK1SY=",
      "dev": true
    },
    "webpack-dev-server": {
      "version": "2.11.5",
      "resolved": "https://registry.npm.taobao.org/webpack-dev-server/download/webpack-dev-server-2.11.5.tgz",
      "integrity": "sha1-QW+96g4E7r5EpibnkdWi6zf+jEg=",
      "dev": true,
      "dependencies": {
        "camelcase": {
          "version": "3.0.0",
          "resolved": "https://registry.npm.taobao.org/camelcase/download/camelcase-3.0.0.tgz",
          "integrity": "sha1-MvxLn82vhF/N9+c7uXysImHwqwo="
        },
        "cliui": {
          "version": "3.2.0",
          "resolved": "https://registry.npm.taobao.org/cliui/download/cliui-3.2.0.tgz",
          "integrity": "sha1-EgYBU3qRbSmUD5NNo7SNWFo5IT0="
        },
        "debug": {
          "version": "3.2.6",
          "resolved": "https://registry.npm.taobao.org/debug/download/debug-3.2.6.tgz",
          "integrity": "sha1-6D0X3hbYp++3cX7b5fsQE17uYps="
        },
        "find-up": {
          "version": "1.1.2",
          "resolved": "https://registry.npm.taobao.org/find-up/download/find-up-1.1.2.tgz",
          "integrity": "sha1-ay6YIrGizgpgq2TWEOzK1TyyTQ8="
        },
        "is-fullwidth-code-point": {
          "version": "1.0.0",
          "resolved": "https://registry.npm.taobao.org/is-fullwidth-code-point/download/is-fullwidth-code-point-1.0.0.tgz",
          "integrity": "sha1-754xOG8DGn8NZDr4L95QxFfvAMs="
        },
        "load-json-file": {
          "version": "1.1.0",
          "resolved": "https://registry.npm.taobao.org/load-json-file/download/load-json-file-1.1.0.tgz",
          "integrity": "sha1-lWkFcI1YtLq0wiYbBPWfMcmTdMA="
        },
        "ms": {
          "version": "2.1.2",
          "resolved": "https://registry.npm.taobao.org/ms/download/ms-2.1.2.tgz",
          "integrity": "sha1-0J0fNXtEP0kzgqjrPM0YOHKuYAk="
        },
        "os-locale": {
          "version": "1.4.0",
          "resolved": "https://registry.npm.taobao.org/os-locale/download/os-locale-1.4.0.tgz?cache=0&other_urls=https%3A%2F%2Fregistry.npm.taobao.org%2Fos-locale%2Fdownload%2Fos-locale-1.4.0.tgz",
          "integrity": "sha1-IPnxeuKe00XoveWDsT0gCYA8FNk="
        },
        "path-exists": {
          "version": "2.1.0",
          "resolved": "https://registry.npm.taobao.org/path-exists/download/path-exists-2.1.0.tgz",
          "integrity": "sha1-D+tsZPD8UY2adU3V77YscCJ2H0s="
        },
        "path-type": {
          "version": "1.1.0",
          "resolved": "https://registry.npm.taobao.org/path-type/download/path-type-1.1.0.tgz",
          "integrity": "sha1-WcRPfuSR2nBNpBXaWkBwuk+P5EE="
        },
        "pify": {
          "version": "2.3.0",
          "resolved": "https://registry.npm.taobao.org/pify/download/pify-2.3.0.tgz",
          "integrity": "sha1-7RQaasBDqEnqWISY59yosVMw6Qw="
        },
        "read-pkg": {
          "version": "1.1.0",
          "resolved": "https://registry.npm.taobao.org/read-pkg/download/read-pkg-1.1.0.tgz?cache=0&other_urls=https%3A%2F%2Fregistry.npm.taobao.org%2Fread-pkg%2Fdownload%2Fread-pkg-1.1.0.tgz",
          "integrity": "sha1-9f+qXs0pyzHAR0vKfXVra7KePyg="
        },
        "read-pkg-up": {
          "version": "1.0.1",
          "resolved": "https://registry.npm.taobao.org/read-pkg-up/download/read-pkg-up-1.0.1.tgz?cache=0&sync_timestamp=1575620499078&other_urls=https%3A%2F%2Fregistry.npm.taobao.org%2Fread-pkg-up%2Fdownload%2Fread-pkg-up-1.0.1.tgz",
          "integrity": "sha1-nWPBMnbAZZGNV/ACpX9AobZD+wI="
        },
        "string-width": {
          "version": "1.0.2",
          "resolved": "https://registry.npm.taobao.org/string-width/download/string-width-1.0.2.tgz?cache=0&other_urls=https%3A%2F%2Fregistry.npm.taobao.org%2Fstring-width%2Fdownload%2Fstring-width-1.0.2.tgz",
          "integrity": "sha1-EYvfW4zcUaKn5w0hHgfisLmxB9M="
        },
        "strip-bom": {
          "version": "2.0.0",
          "resolved": "https://registry.npm.taobao.org/strip-bom/download/strip-bom-2.0.0.tgz",
          "integrity": "sha1-YhmoVhZSBJHzV4i9vxRHqZx+aw4="
        },
        "which-module": {
          "version": "1.0.0",
          "resolved": "https://registry.npm.taobao.org/which-module/download/which-module-1.0.0.tgz",
          "integrity": "sha1-u6Y8qGGUiZT/MHc2CJ47lgJsKk8="
        },
        "y18n": {
          "version": "3.2.1",
          "resolved": "https://registry.npm.taobao.org/y18n/download/y18n-3.2.1.tgz",
          "integrity": "sha1-bRX7qITAhnnA136I53WegR4H+kE="
        },
        "yargs": {
          "version": "6.6.0",
          "resolved": "https://registry.npm.taobao.org/yargs/download/yargs-6.6.0.tgz",
          "integrity": "sha1-eC7CHvQDNF+DCoCMo9UTr1YGUgg="
        },
        "yargs-parser": {
          "version": "4.2.1",
          "resolved": "https://registry.npm.taobao.org/yargs-parser/download/yargs-parser-4.2.1.tgz",
          "integrity": "sha1-KczqwNxPA8bIe0qfIX3RjJ90hxw="
        }
      }
    },
    "webpack-merge": {
      "version": "4.2.2",
      "resolved": "https://registry.npm.taobao.org/webpack-merge/download/webpack-merge-4.2.2.tgz?cache=0&other_urls=https%3A%2F%2Fregistry.npm.taobao.org%2Fwebpack-merge%2Fdownload%2Fwebpack-merge-4.2.2.tgz",
      "integrity": "sha1-onxS6ng9E5iv0gh/VH17nS9DY00=",
      "dev": true
    }
  }
}
